
Microsoft Visual Studio Solution File, Format Version 12.00
# Visual Studio 2013
VisualStudioVersion = 12.0.30723.0
MinimumVisualStudioVersion = 10.0.40219.1
Project("{FAE04EC0-301F-11D3-BF4B-00C04F79EFBC}") = "Attendance.WebApi", "Attendance.WebApi\Attendance.WebApi.csproj", "{6033A671-73C6-4E11-A774-58D321F30E81}"
EndProject
Project("{FAE04EC0-301F-11D3-BF4B-00C04F79EFBC}") = "Attendance.WebApi.Tests", "Attendance.WebApi.Tests\Attendance.WebApi.Tests.csproj", "{181D7AA4-3CCF-4AF8-971E-C6462C0888FE}"
EndProject
Global
	GlobalSection(SolutionConfigurationPlatforms) = preSolution
		Debug|Any CPU = Debug|Any CPU
		Release|Any CPU = Release|Any CPU
	EndGlobalSection
	GlobalSection(ProjectConfigurationPlatforms) = postSolution
		{6033A671-73C6-4E11-A774-58D321F30E81}.Debug|Any CPU.ActiveCfg = Debug|Any CPU
		{6033A671-73C6-4E11-A774-58D321F30E81}.Debug|Any CPU.Build.0 = Debug|Any CPU
		{6033A671-73C6-4E11-A774-58D321F30E81}.Release|Any CPU.ActiveCfg = Release|Any CPU
		{6033A671-73C6-4E11-A774-58D321F30E81}.Release|Any CPU.Build.0 = Release|Any CPU
		{181D7AA4-3CCF-4AF8-971E-C6462C0888FE}.Debug|Any CPU.ActiveCfg = Debug|Any CPU
		{181D7AA4-3CCF-4AF8-971E-C6462C0888FE}.Debug|Any CPU.Build.0 = Debug|Any CPU
		{181D7AA4-3CCF-4AF8-971E-C6462C0888FE}.Release|Any CPU.ActiveCfg = Release|Any CPU
		{181D7AA4-3CCF-4AF8-971E-C6462C0888FE}.Release|Any CPU.Build.0 = Release|Any CPU
	EndGlobalSection
	GlobalSection(SolutionProperties) = preSolution
		HideSolutionNode = FALSE
	EndGlobalSection
EndGlobal
